
Microsoft Visual Studio Solution File, Format Version 12.00
# Visual Studio Version 17
VisualStudioVersion = 17.3.32929.385
MinimumVisualStudioVersion = 10.0.40219.1
Project("{9A19103F-16F7-4668-BE54-9A1E7A4F7556}") = "Catalog.API", "Catalog.API\Catalog.API.csproj", "{1494A8E7-3032-4815-87E6-F47050798F8E}"
EndProject
Project("{E53339B2-1760-4266-BCC7-CA923CBCF16C}") = "docker-compose", "docker-compose.dcproj", "{3D839C52-7E77-46A3-8733-306332278947}"
EndProject
Project("{9A19103F-16F7-4668-BE54-9A1E7A4F7556}") = "Basket.API", "Basket.API\Basket.API.csproj", "{AED90116-E4D9-48BA-8051-01F0E8013142}"
EndProject
Project("{9A19103F-16F7-4668-BE54-9A1E7A4F7556}") = "Discount.API", "Discount.API\Discount.API.csproj", "{EA99863A-63B1-4585-BCC0-7012CE8F40E1}"
EndProject
Project("{FAE04EC0-301F-11D3-BF4B-00C04F79EFBC}") = "Discount.Grpc", "Discount.Grpc\Discount.Grpc.csproj", "{FBFE912E-5C8D-4C4D-B747-308866688D53}"
EndProject
Global
	GlobalSection(SolutionConfigurationPlatforms) = preSolution
		Debug|Any CPU = Debug|Any CPU
		Release|Any CPU = Release|Any CPU
	EndGlobalSection
	GlobalSection(ProjectConfigurationPlatforms) = postSolution
		{1494A8E7-3032-4815-87E6-F47050798F8E}.Debug|Any CPU.ActiveCfg = Debug|Any CPU
		{1494A8E7-3032-4815-87E6-F47050798F8E}.Debug|Any CPU.Build.0 = Debug|Any CPU
		{1494A8E7-3032-4815-87E6-F47050798F8E}.Release|Any CPU.ActiveCfg = Release|Any CPU
		{1494A8E7-3032-4815-87E6-F47050798F8E}.Release|Any CPU.Build.0 = Release|Any CPU
		{3D839C52-7E77-46A3-8733-306332278947}.Debug|Any CPU.ActiveCfg = Debug|Any CPU
		{3D839C52-7E77-46A3-8733-306332278947}.Debug|Any CPU.Build.0 = Debug|Any CPU
		{3D839C52-7E77-46A3-8733-306332278947}.Release|Any CPU.ActiveCfg = Release|Any CPU
		{3D839C52-7E77-46A3-8733-306332278947}.Release|Any CPU.Build.0 = Release|Any CPU
		{AED90116-E4D9-48BA-8051-01F0E8013142}.Debug|Any CPU.ActiveCfg = Debug|Any CPU
		{AED90116-E4D9-48BA-8051-01F0E8013142}.Debug|Any CPU.Build.0 = Debug|Any CPU
		{AED90116-E4D9-48BA-8051-01F0E8013142}.Release|Any CPU.ActiveCfg = Release|Any CPU
		{AED90116-E4D9-48BA-8051-01F0E8013142}.Release|Any CPU.Build.0 = Release|Any CPU
		{EA99863A-63B1-4585-BCC0-7012CE8F40E1}.Debug|Any CPU.ActiveCfg = Debug|Any CPU
		{EA99863A-63B1-4585-BCC0-7012CE8F40E1}.Debug|Any CPU.Build.0 = Debug|Any CPU
		{EA99863A-63B1-4585-BCC0-7012CE8F40E1}.Release|Any CPU.ActiveCfg = Release|Any CPU
		{EA99863A-63B1-4585-BCC0-7012CE8F40E1}.Release|Any CPU.Build.0 = Release|Any CPU
		{FBFE912E-5C8D-4C4D-B747-308866688D53}.Debug|Any CPU.ActiveCfg = Debug|Any CPU
		{FBFE912E-5C8D-4C4D-B747-308866688D53}.Debug|Any CPU.Build.0 = Debug|Any CPU
		{FBFE912E-5C8D-4C4D-B747-308866688D53}.Release|Any CPU.ActiveCfg = Release|Any CPU
		{FBFE912E-5C8D-4C4D-B747-308866688D53}.Release|Any CPU.Build.0 = Release|Any CPU
	EndGlobalSection
	GlobalSection(SolutionProperties) = preSolution
		HideSolutionNode = FALSE
	EndGlobalSection
	GlobalSection(ExtensibilityGlobals) = postSolution
		SolutionGuid = {69BCD9CD-9027-494D-9C60-1D61406DB1F7}
	EndGlobalSection
EndGlobal
